
Microsoft Visual Studio Solution File, Format Version 12.00
# Visual Studio Version 17
VisualStudioVersion = 17.14.36414.22
MinimumVisualStudioVersion = 10.0.40219.1
Project("{FAE04EC0-301F-11D3-BF4B-00C04F79EFBC}") = "Bai06", "Bai06\Bai06.csproj", "{B8A4D834-3696-46E6-A8F5-2075A5C3A273}"
EndProject
Project("{FAE04EC0-301F-11D3-BF4B-00C04F79EFBC}") = "Bai05", "Bai05\Bai05.csproj", "{73429169-F24B-414B-A68A-A37B9A44B9B9}"
EndProject
Project("{FAE04EC0-301F-11D3-BF4B-00C04F79EFBC}") = "Bai01", "Bai01\Bai01.csproj", "{B3B421D6-3C90-44B8-B52A-6D8DC4DA8EFD}"
EndProject
Project("{FAE04EC0-301F-11D3-BF4B-00C04F79EFBC}") = "Bai02", "Bai02\Bai02.csproj", "{A789E78B-1BBF-4323-A5DF-09870361C174}"
EndProject
Project("{FAE04EC0-301F-11D3-BF4B-00C04F79EFBC}") = "Bai03", "Bai03\Bai03.csproj", "{071E0BEC-76F2-40AE-AE21-10401AB388FD}"
EndProject
Project("{FAE04EC0-301F-11D3-BF4B-00C04F79EFBC}") = "Bai04", "Bai04\Bai04.csproj", "{90967DFB-ABB2-430F-87C4-EDE52CE9A4CD}"
EndProject
Global
	GlobalSection(SolutionConfigurationPlatforms) = preSolution
		Debug|Any CPU = Debug|Any CPU
		Release|Any CPU = Release|Any CPU
	EndGlobalSection
	GlobalSection(ProjectConfigurationPlatforms) = postSolution
		{B8A4D834-3696-46E6-A8F5-2075A5C3A273}.Debug|Any CPU.ActiveCfg = Debug|Any CPU
		{B8A4D834-3696-46E6-A8F5-2075A5C3A273}.Debug|Any CPU.Build.0 = Debug|Any CPU
		{B8A4D834-3696-46E6-A8F5-2075A5C3A273}.Release|Any CPU.ActiveCfg = Release|Any CPU
		{B8A4D834-3696-46E6-A8F5-2075A5C3A273}.Release|Any CPU.Build.0 = Release|Any CPU
		{73429169-F24B-414B-A68A-A37B9A44B9B9}.Debug|Any CPU.ActiveCfg = Debug|Any CPU
		{73429169-F24B-414B-A68A-A37B9A44B9B9}.Debug|Any CPU.Build.0 = Debug|Any CPU
		{73429169-F24B-414B-A68A-A37B9A44B9B9}.Release|Any CPU.ActiveCfg = Release|Any CPU
		{73429169-F24B-414B-A68A-A37B9A44B9B9}.Release|Any CPU.Build.0 = Release|Any CPU
		{B3B421D6-3C90-44B8-B52A-6D8DC4DA8EFD}.Debug|Any CPU.ActiveCfg = Debug|Any CPU
		{B3B421D6-3C90-44B8-B52A-6D8DC4DA8EFD}.Debug|Any CPU.Build.0 = Debug|Any CPU
		{B3B421D6-3C90-44B8-B52A-6D8DC4DA8EFD}.Release|Any CPU.ActiveCfg = Release|Any CPU
		{B3B421D6-3C90-44B8-B52A-6D8DC4DA8EFD}.Release|Any CPU.Build.0 = Release|Any CPU
		{A789E78B-1BBF-4323-A5DF-09870361C174}.Debug|Any CPU.ActiveCfg = Debug|Any CPU
		{A789E78B-1BBF-4323-A5DF-09870361C174}.Debug|Any CPU.Build.0 = Debug|Any CPU
		{A789E78B-1BBF-4323-A5DF-09870361C174}.Release|Any CPU.ActiveCfg = Release|Any CPU
		{A789E78B-1BBF-4323-A5DF-09870361C174}.Release|Any CPU.Build.0 = Release|Any CPU
		{071E0BEC-76F2-40AE-AE21-10401AB388FD}.Debug|Any CPU.ActiveCfg = Debug|Any CPU
		{071E0BEC-76F2-40AE-AE21-10401AB388FD}.Debug|Any CPU.Build.0 = Debug|Any CPU
		{071E0BEC-76F2-40AE-AE21-10401AB388FD}.Release|Any CPU.ActiveCfg = Release|Any CPU
		{071E0BEC-76F2-40AE-AE21-10401AB388FD}.Release|Any CPU.Build.0 = Release|Any CPU
		{90967DFB-ABB2-430F-87C4-EDE52CE9A4CD}.Debug|Any CPU.ActiveCfg = Debug|Any CPU
		{90967DFB-ABB2-430F-87C4-EDE52CE9A4CD}.Debug|Any CPU.Build.0 = Debug|Any CPU
		{90967DFB-ABB2-430F-87C4-EDE52CE9A4CD}.Release|Any CPU.ActiveCfg = Release|Any CPU
		{90967DFB-ABB2-430F-87C4-EDE52CE9A4CD}.Release|Any CPU.Build.0 = Release|Any CPU
	EndGlobalSection
	GlobalSection(SolutionProperties) = preSolution
		HideSolutionNode = FALSE
	EndGlobalSection
	GlobalSection(ExtensibilityGlobals) = postSolution
		SolutionGuid = {5AC10604-1E50-47CF-8CD4-A523C0A69387}
	EndGlobalSection
EndGlobal
